
Microsoft Visual Studio Solution File, Format Version 12.00
# Visual Studio Version 16
VisualStudioVersion = 16.0.29728.190
MinimumVisualStudioVersion = 10.0.40219.1
Project("{9A19103F-16F7-4668-BE54-9A1E7A4F7556}") = "01 - SerializeXML", "01 - SerializeXML\01 - SerializeXML.csproj", "{72B1E9E2-625F-48C5-B4E9-31F41D888E3A}"
EndProject
Project("{9A19103F-16F7-4668-BE54-9A1E7A4F7556}") = "00 - Bibliotecas", "00 - Bibliotecas\00 - Bibliotecas.csproj", "{2C44619C-61BE-4698-9CEA-A23BC0CA6734}"
EndProject
Project("{9A19103F-16F7-4668-BE54-9A1E7A4F7556}") = "02 - DeserializeXML", "02 - DeserializeXML\02 - DeserializeXML.csproj", "{08AA4B53-205A-4FFB-B99B-540C5B0085E3}"
EndProject
Project("{9A19103F-16F7-4668-BE54-9A1E7A4F7556}") = "03 - SerializeJSON", "03 - SerializeJSON\03 - SerializeJSON.csproj", "{B8A3FCEF-F8E7-4350-80CC-1998A9206521}"
EndProject
Project("{9A19103F-16F7-4668-BE54-9A1E7A4F7556}") = "04 - DeserializeJSON", "04 - DeserializeJSON\04 - DeserializeJSON.csproj", "{26B49808-6E3F-43BA-B167-12144E684A2F}"
EndProject
Project("{9A19103F-16F7-4668-BE54-9A1E7A4F7556}") = "05 - Generics", "05 - Generics\05 - Generics.csproj", "{461E5912-F24C-4C5F-8D14-BB91C5E5F729}"
EndProject
Project("{9A19103F-16F7-4668-BE54-9A1E7A4F7556}") = "07 - ExtensionMethod", "07 - ExtensionMethod\07 - ExtensionMethod.csproj", "{D091EBA4-D688-4A8E-AE0C-58F8349C866F}"
EndProject
Project("{9A19103F-16F7-4668-BE54-9A1E7A4F7556}") = "08 - Nullable", "08 - Nullable\08 - Nullable.csproj", "{816DAD65-863A-4FA8-9C59-FDB2AA7F2550}"
EndProject
Project("{9A19103F-16F7-4668-BE54-9A1E7A4F7556}") = "06 - VarDynamic", "06 - VarDynamic\06 - VarDynamic.csproj", "{08B73907-1EC2-4B32-8395-EBDB6360EB59}"
EndProject
Project("{9A19103F-16F7-4668-BE54-9A1E7A4F7556}") = "09 - LINQ", "09 - LINQ\09 - LINQ.csproj", "{C6BE93EB-F55A-47F8-9B56-D525055B6FE0}"
EndProject
Project("{9A19103F-16F7-4668-BE54-9A1E7A4F7556}") = "10 - Delegates", "10 - Delegates\10 - Delegates.csproj", "{82C00291-2146-49D4-819C-A74E474273FB}"
EndProject
Project("{9A19103F-16F7-4668-BE54-9A1E7A4F7556}") = "11 - Delegates", "11 - Delegates\11 - Delegates.csproj", "{E473BA00-821A-4F37-9C66-0C1C382CE3BC}"
EndProject
Project("{FAE04EC0-301F-11D3-BF4B-00C04F79EFBC}") = "12 - Eventos", "12 - Eventos\12 - Eventos.csproj", "{33594D5E-65C1-4035-9B50-A89E9BF96153}"
EndProject
Project("{FAE04EC0-301F-11D3-BF4B-00C04F79EFBC}") = "13 - DelegateMethod", "13 - DelegateMethod\13 - DelegateMethod.csproj", "{07429300-7BA0-49DA-8C0C-78F16E4D585D}"
EndProject
Project("{9A19103F-16F7-4668-BE54-9A1E7A4F7556}") = "14 - Threads", "14 - Threads\14 - Threads.csproj", "{17D40052-F2BA-40FC-9843-524E220F6B9C}"
EndProject
Project("{9A19103F-16F7-4668-BE54-9A1E7A4F7556}") = "15 - MultiThreads", "15 - MultiThreads\15 - MultiThreads.csproj", "{D5B9A38C-C2DE-4197-8610-009F5FA6FF03}"
EndProject
Project("{9A19103F-16F7-4668-BE54-9A1E7A4F7556}") = "16 - ThreadsBackground", "16 - ThreadsBackground\16 - ThreadsBackground.csproj", "{6D619A67-ABC1-4B0B-BA40-086A88B1E813}"
EndProject
Project("{9A19103F-16F7-4668-BE54-9A1E7A4F7556}") = "17 - ThreadSafe", "17 - ThreadSafe\17 - ThreadSafe.csproj", "{BF0FA5E7-D2CF-43E7-AAE0-D49D7FF98650}"
EndProject
Project("{9A19103F-16F7-4668-BE54-9A1E7A4F7556}") = "18 - ThreadId", "18 - ThreadId\18 - ThreadId.csproj", "{9321EBB4-15E3-4D44-9B36-D95CCA8155BA}"
EndProject
Project("{9A19103F-16F7-4668-BE54-9A1E7A4F7556}") = "19 - ThreadMethods", "19 - ThreadMethods\19 - ThreadMethods.csproj", "{C143AABB-AD33-4A16-A700-E76F5C6A6BAA}"
EndProject
Project("{9A19103F-16F7-4668-BE54-9A1E7A4F7556}") = "20 - ThreadsAutoManual", "20 - ThreadsAutoManual\20 - ThreadsAutoManual.csproj", "{263CFE1D-B1AF-49F2-ADC0-9F02FC1548C7}"
EndProject
Project("{FAE04EC0-301F-11D3-BF4B-00C04F79EFBC}") = "21 - Task", "21 - Task\21 - Task.csproj", "{A1D20477-0985-48B5-BAAC-336712CE3422}"
EndProject
Project("{FAE04EC0-301F-11D3-BF4B-00C04F79EFBC}") = "22 - Task", "22 - Task\22 - Task.csproj", "{83FE54C4-54EB-4DB9-914A-C4A5DB0E21D7}"
EndProject
Global
	GlobalSection(SolutionConfigurationPlatforms) = preSolution
		Debug|Any CPU = Debug|Any CPU
		Release|Any CPU = Release|Any CPU
	EndGlobalSection
	GlobalSection(ProjectConfigurationPlatforms) = postSolution
		{72B1E9E2-625F-48C5-B4E9-31F41D888E3A}.Debug|Any CPU.ActiveCfg = Debug|Any CPU
		{72B1E9E2-625F-48C5-B4E9-31F41D888E3A}.Debug|Any CPU.Build.0 = Debug|Any CPU
		{72B1E9E2-625F-48C5-B4E9-31F41D888E3A}.Release|Any CPU.ActiveCfg = Release|Any CPU
		{72B1E9E2-625F-48C5-B4E9-31F41D888E3A}.Release|Any CPU.Build.0 = Release|Any CPU
		{2C44619C-61BE-4698-9CEA-A23BC0CA6734}.Debug|Any CPU.ActiveCfg = Debug|Any CPU
		{2C44619C-61BE-4698-9CEA-A23BC0CA6734}.Debug|Any CPU.Build.0 = Debug|Any CPU
		{2C44619C-61BE-4698-9CEA-A23BC0CA6734}.Release|Any CPU.ActiveCfg = Release|Any CPU
		{2C44619C-61BE-4698-9CEA-A23BC0CA6734}.Release|Any CPU.Build.0 = Release|Any CPU
		{08AA4B53-205A-4FFB-B99B-540C5B0085E3}.Debug|Any CPU.ActiveCfg = Debug|Any CPU
		{08AA4B53-205A-4FFB-B99B-540C5B0085E3}.Debug|Any CPU.Build.0 = Debug|Any CPU
		{08AA4B53-205A-4FFB-B99B-540C5B0085E3}.Release|Any CPU.ActiveCfg = Release|Any CPU
		{08AA4B53-205A-4FFB-B99B-540C5B0085E3}.Release|Any CPU.Build.0 = Release|Any CPU
		{B8A3FCEF-F8E7-4350-80CC-1998A9206521}.Debug|Any CPU.ActiveCfg = Debug|Any CPU
		{B8A3FCEF-F8E7-4350-80CC-1998A9206521}.Debug|Any CPU.Build.0 = Debug|Any CPU
		{B8A3FCEF-F8E7-4350-80CC-1998A9206521}.Release|Any CPU.ActiveCfg = Release|Any CPU
		{B8A3FCEF-F8E7-4350-80CC-1998A9206521}.Release|Any CPU.Build.0 = Release|Any CPU
		{26B49808-6E3F-43BA-B167-12144E684A2F}.Debug|Any CPU.ActiveCfg = Debug|Any CPU
		{26B49808-6E3F-43BA-B167-12144E684A2F}.Debug|Any CPU.Build.0 = Debug|Any CPU
		{26B49808-6E3F-43BA-B167-12144E684A2F}.Release|Any CPU.ActiveCfg = Release|Any CPU
		{26B49808-6E3F-43BA-B167-12144E684A2F}.Release|Any CPU.Build.0 = Release|Any CPU
		{461E5912-F24C-4C5F-8D14-BB91C5E5F729}.Debug|Any CPU.ActiveCfg = Debug|Any CPU
		{461E5912-F24C-4C5F-8D14-BB91C5E5F729}.Debug|Any CPU.Build.0 = Debug|Any CPU
		{461E5912-F24C-4C5F-8D14-BB91C5E5F729}.Release|Any CPU.ActiveCfg = Release|Any CPU
		{461E5912-F24C-4C5F-8D14-BB91C5E5F729}.Release|Any CPU.Build.0 = Release|Any CPU
		{D091EBA4-D688-4A8E-AE0C-58F8349C866F}.Debug|Any CPU.ActiveCfg = Debug|Any CPU
		{D091EBA4-D688-4A8E-AE0C-58F8349C866F}.Debug|Any CPU.Build.0 = Debug|Any CPU
		{D091EBA4-D688-4A8E-AE0C-58F8349C866F}.Release|Any CPU.ActiveCfg = Release|Any CPU
		{D091EBA4-D688-4A8E-AE0C-58F8349C866F}.Release|Any CPU.Build.0 = Release|Any CPU
		{816DAD65-863A-4FA8-9C59-FDB2AA7F2550}.Debug|Any CPU.ActiveCfg = Debug|Any CPU
		{816DAD65-863A-4FA8-9C59-FDB2AA7F2550}.Debug|Any CPU.Build.0 = Debug|Any CPU
		{816DAD65-863A-4FA8-9C59-FDB2AA7F2550}.Release|Any CPU.ActiveCfg = Release|Any CPU
		{816DAD65-863A-4FA8-9C59-FDB2AA7F2550}.Release|Any CPU.Build.0 = Release|Any CPU
		{08B73907-1EC2-4B32-8395-EBDB6360EB59}.Debug|Any CPU.ActiveCfg = Debug|Any CPU
		{08B73907-1EC2-4B32-8395-EBDB6360EB59}.Debug|Any CPU.Build.0 = Debug|Any CPU
		{08B73907-1EC2-4B32-8395-EBDB6360EB59}.Release|Any CPU.ActiveCfg = Release|Any CPU
		{08B73907-1EC2-4B32-8395-EBDB6360EB59}.Release|Any CPU.Build.0 = Release|Any CPU
		{C6BE93EB-F55A-47F8-9B56-D525055B6FE0}.Debug|Any CPU.ActiveCfg = Debug|Any CPU
		{C6BE93EB-F55A-47F8-9B56-D525055B6FE0}.Debug|Any CPU.Build.0 = Debug|Any CPU
		{C6BE93EB-F55A-47F8-9B56-D525055B6FE0}.Release|Any CPU.ActiveCfg = Release|Any CPU
		{C6BE93EB-F55A-47F8-9B56-D525055B6FE0}.Release|Any CPU.Build.0 = Release|Any CPU
		{82C00291-2146-49D4-819C-A74E474273FB}.Debug|Any CPU.ActiveCfg = Debug|Any CPU
		{82C00291-2146-49D4-819C-A74E474273FB}.Debug|Any CPU.Build.0 = Debug|Any CPU
		{82C00291-2146-49D4-819C-A74E474273FB}.Release|Any CPU.ActiveCfg = Release|Any CPU
		{82C00291-2146-49D4-819C-A74E474273FB}.Release|Any CPU.Build.0 = Release|Any CPU
		{E473BA00-821A-4F37-9C66-0C1C382CE3BC}.Debug|Any CPU.ActiveCfg = Debug|Any CPU
		{E473BA00-821A-4F37-9C66-0C1C382CE3BC}.Debug|Any CPU.Build.0 = Debug|Any CPU
		{E473BA00-821A-4F37-9C66-0C1C382CE3BC}.Release|Any CPU.ActiveCfg = Release|Any CPU
		{E473BA00-821A-4F37-9C66-0C1C382CE3BC}.Release|Any CPU.Build.0 = Release|Any CPU
		{33594D5E-65C1-4035-9B50-A89E9BF96153}.Debug|Any CPU.ActiveCfg = Debug|Any CPU
		{33594D5E-65C1-4035-9B50-A89E9BF96153}.Debug|Any CPU.Build.0 = Debug|Any CPU
		{33594D5E-65C1-4035-9B50-A89E9BF96153}.Release|Any CPU.ActiveCfg = Release|Any CPU
		{33594D5E-65C1-4035-9B50-A89E9BF96153}.Release|Any CPU.Build.0 = Release|Any CPU
		{07429300-7BA0-49DA-8C0C-78F16E4D585D}.Debug|Any CPU.ActiveCfg = Debug|Any CPU
		{07429300-7BA0-49DA-8C0C-78F16E4D585D}.Debug|Any CPU.Build.0 = Debug|Any CPU
		{07429300-7BA0-49DA-8C0C-78F16E4D585D}.Release|Any CPU.ActiveCfg = Release|Any CPU
		{07429300-7BA0-49DA-8C0C-78F16E4D585D}.Release|Any CPU.Build.0 = Release|Any CPU
		{17D40052-F2BA-40FC-9843-524E220F6B9C}.Debug|Any CPU.ActiveCfg = Debug|Any CPU
		{17D40052-F2BA-40FC-9843-524E220F6B9C}.Debug|Any CPU.Build.0 = Debug|Any CPU
		{17D40052-F2BA-40FC-9843-524E220F6B9C}.Release|Any CPU.ActiveCfg = Release|Any CPU
		{17D40052-F2BA-40FC-9843-524E220F6B9C}.Release|Any CPU.Build.0 = Release|Any CPU
		{D5B9A38C-C2DE-4197-8610-009F5FA6FF03}.Debug|Any CPU.ActiveCfg = Debug|Any CPU
		{D5B9A38C-C2DE-4197-8610-009F5FA6FF03}.Debug|Any CPU.Build.0 = Debug|Any CPU
		{D5B9A38C-C2DE-4197-8610-009F5FA6FF03}.Release|Any CPU.ActiveCfg = Release|Any CPU
		{D5B9A38C-C2DE-4197-8610-009F5FA6FF03}.Release|Any CPU.Build.0 = Release|Any CPU
		{6D619A67-ABC1-4B0B-BA40-086A88B1E813}.Debug|Any CPU.ActiveCfg = Debug|Any CPU
		{6D619A67-ABC1-4B0B-BA40-086A88B1E813}.Debug|Any CPU.Build.0 = Debug|Any CPU
		{6D619A67-ABC1-4B0B-BA40-086A88B1E813}.Release|Any CPU.ActiveCfg = Release|Any CPU
		{6D619A67-ABC1-4B0B-BA40-086A88B1E813}.Release|Any CPU.Build.0 = Release|Any CPU
		{BF0FA5E7-D2CF-43E7-AAE0-D49D7FF98650}.Debug|Any CPU.ActiveCfg = Debug|Any CPU
		{BF0FA5E7-D2CF-43E7-AAE0-D49D7FF98650}.Debug|Any CPU.Build.0 = Debug|Any CPU
		{BF0FA5E7-D2CF-43E7-AAE0-D49D7FF98650}.Release|Any CPU.ActiveCfg = Release|Any CPU
		{BF0FA5E7-D2CF-43E7-AAE0-D49D7FF98650}.Release|Any CPU.Build.0 = Release|Any CPU
		{9321EBB4-15E3-4D44-9B36-D95CCA8155BA}.Debug|Any CPU.ActiveCfg = Debug|Any CPU
		{9321EBB4-15E3-4D44-9B36-D95CCA8155BA}.Debug|Any CPU.Build.0 = Debug|Any CPU
		{9321EBB4-15E3-4D44-9B36-D95CCA8155BA}.Release|Any CPU.ActiveCfg = Release|Any CPU
		{9321EBB4-15E3-4D44-9B36-D95CCA8155BA}.Release|Any CPU.Build.0 = Release|Any CPU
		{C143AABB-AD33-4A16-A700-E76F5C6A6BAA}.Debug|Any CPU.ActiveCfg = Debug|Any CPU
		{C143AABB-AD33-4A16-A700-E76F5C6A6BAA}.Debug|Any CPU.Build.0 = Debug|Any CPU
		{C143AABB-AD33-4A16-A700-E76F5C6A6BAA}.Release|Any CPU.ActiveCfg = Release|Any CPU
		{C143AABB-AD33-4A16-A700-E76F5C6A6BAA}.Release|Any CPU.Build.0 = Release|Any CPU
		{263CFE1D-B1AF-49F2-ADC0-9F02FC1548C7}.Debug|Any CPU.ActiveCfg = Debug|Any CPU
		{263CFE1D-B1AF-49F2-ADC0-9F02FC1548C7}.Debug|Any CPU.Build.0 = Debug|Any CPU
		{263CFE1D-B1AF-49F2-ADC0-9F02FC1548C7}.Release|Any CPU.ActiveCfg = Release|Any CPU
		{263CFE1D-B1AF-49F2-ADC0-9F02FC1548C7}.Release|Any CPU.Build.0 = Release|Any CPU
		{A1D20477-0985-48B5-BAAC-336712CE3422}.Debug|Any CPU.ActiveCfg = Debug|Any CPU
		{A1D20477-0985-48B5-BAAC-336712CE3422}.Debug|Any CPU.Build.0 = Debug|Any CPU
		{A1D20477-0985-48B5-BAAC-336712CE3422}.Release|Any CPU.ActiveCfg = Release|Any CPU
		{A1D20477-0985-48B5-BAAC-336712CE3422}.Release|Any CPU.Build.0 = Release|Any CPU
		{83FE54C4-54EB-4DB9-914A-C4A5DB0E21D7}.Debug|Any CPU.ActiveCfg = Debug|Any CPU
		{83FE54C4-54EB-4DB9-914A-C4A5DB0E21D7}.Debug|Any CPU.Build.0 = Debug|Any CPU
		{83FE54C4-54EB-4DB9-914A-C4A5DB0E21D7}.Release|Any CPU.ActiveCfg = Release|Any CPU
		{83FE54C4-54EB-4DB9-914A-C4A5DB0E21D7}.Release|Any CPU.Build.0 = Release|Any CPU
	EndGlobalSection
	GlobalSection(SolutionProperties) = preSolution
		HideSolutionNode = FALSE
	EndGlobalSection
	GlobalSection(ExtensibilityGlobals) = postSolution
		SolutionGuid = {6633A65C-513A-463B-8598-B12FC9AFC54E}
	EndGlobalSection
EndGlobal
